
Microsoft Visual Studio Solution File, Format Version 12.00
# Visual Studio Version 17
VisualStudioVersion = 17.10.34928.147
MinimumVisualStudioVersion = 10.0.40219.1
Project("{FAE04EC0-301F-11D3-BF4B-00C04F79EFBC}") = "Mybank-SOILID", "Mybank-SOILID\Mybank-SOILID.csproj", "{9487A4E7-DCBA-490D-802F-D44BA57CB1E8}"
EndProject
Global
	GlobalSection(SolutionConfigurationPlatforms) = preSolution
		Debug|Any CPU = Debug|Any CPU
		Release|Any CPU = Release|Any CPU
	EndGlobalSection
	GlobalSection(ProjectConfigurationPlatforms) = postSolution
		{9487A4E7-DCBA-490D-802F-D44BA57CB1E8}.Debug|Any CPU.ActiveCfg = Debug|Any CPU
		{9487A4E7-DCBA-490D-802F-D44BA57CB1E8}.Debug|Any CPU.Build.0 = Debug|Any CPU
		{9487A4E7-DCBA-490D-802F-D44BA57CB1E8}.Release|Any CPU.ActiveCfg = Release|Any CPU
		{9487A4E7-DCBA-490D-802F-D44BA57CB1E8}.Release|Any CPU.Build.0 = Release|Any CPU
	EndGlobalSection
	GlobalSection(SolutionProperties) = preSolution
		HideSolutionNode = FALSE
	EndGlobalSection
	GlobalSection(ExtensibilityGlobals) = postSolution
		SolutionGuid = {7771E4D0-FE6D-4C0D-9D3A-A955CB833B66}
	EndGlobalSection
EndGlobal
